// !$*UTF8*$!
{
	archiveVersion = 1;
	classes = {
	};
	objectVersion = 46;
	objects = {

/* Begin PBXBuildFile section */
		668E7EA41759A3C6000C2CBA /* UIKit.framework in Frameworks */ = {isa = PBXBuildFile; fileRef = 668E7EA31759A3C6000C2CBA /* UIKit.framework */; };
		668E7EA61759A3C6000C2CBA /* Foundation.framework in Frameworks */ = {isa = PBXBuildFile; fileRef = 668E7EA51759A3C6000C2CBA /* Foundation.framework */; };
		668E7EA81759A3C6000C2CBA /* CoreGraphics.framework in Frameworks */ = {isa = PBXBuildFile; fileRef = 668E7EA71759A3C6000C2CBA /* CoreGraphics.framework */; };
		668E7EAE1759A3C6000C2CBA /* InfoPlist.strings in Resources */ = {isa = PBXBuildFile; fileRef = 668E7EAC1759A3C6000C2CBA /* InfoPlist.strings */; };
		668E7EB01759A3C6000C2CBA /* main.m in Sources */ = {isa = PBXBuildFile; fileRef = 668E7EAF1759A3C6000C2CBA /* main.m */; };
		668E7EB41759A3C6000C2CBA /* AppDelegate.m in Sources */ = {isa = PBXBuildFile; fileRef = 668E7EB31759A3C6000C2CBA /* AppDelegate.m */; };
		668E7EB61759A3C6000C2CBA /* Default.png in Resources */ = {isa = PBXBuildFile; fileRef = 668E7EB51759A3C6000C2CBA /* Default.png */; };
		668E7EB81759A3C6000C2CBA /* Default@2x.png in Resources */ = {isa = PBXBuildFile; fileRef = 668E7EB71759A3C6000C2CBA /* Default@2x.png */; };
		668E7EBA1759A3C6000C2CBA /* Default-568h@2x.png in Resources */ = {isa = PBXBuildFile; fileRef = 668E7EB91759A3C6000C2CBA /* Default-568h@2x.png */; };
		668E7EBD1759A3C6000C2CBA /* AdViewController.m in Sources */ = {isa = PBXBuildFile; fileRef = 668E7EBC1759A3C6000C2CBA /* AdViewController.m */; };
		668E7EC01759A3C6000C2CBA /* AdViewController.xib in Resources */ = {isa = PBXBuildFile; fileRef = 668E7EBE1759A3C6000C2CBA /* AdViewController.xib */; };
		668E7EC81759C488000C2CBA /* UICollectionViewWaterfallLayout.m in Sources */ = {isa = PBXBuildFile; fileRef = 668E7EC71759C2DD000C2CBA /* UICollectionViewWaterfallLayout.m */; };
		668E7EDD1759C5EF000C2CBA /* AFHTTPClient.m in Sources */ = {isa = PBXBuildFile; fileRef = 668E7ECB1759C5EF000C2CBA /* AFHTTPClient.m */; };
		668E7EDE1759C5EF000C2CBA /* AFHTTPRequestOperation.m in Sources */ = {isa = PBXBuildFile; fileRef = 668E7ECD1759C5EF000C2CBA /* AFHTTPRequestOperation.m */; };
		668E7EDF1759C5EF000C2CBA /* AFImageRequestOperation.m in Sources */ = {isa = PBXBuildFile; fileRef = 668E7ECF1759C5EF000C2CBA /* AFImageRequestOperation.m */; };
		668E7EE01759C5EF000C2CBA /* AFJSONRequestOperation.m in Sources */ = {isa = PBXBuildFile; fileRef = 668E7ED11759C5EF000C2CBA /* AFJSONRequestOperation.m */; };
		668E7EE11759C5EF000C2CBA /* AFNetworkActivityIndicatorManager.m in Sources */ = {isa = PBXBuildFile; fileRef = 668E7ED31759C5EF000C2CBA /* AFNetworkActivityIndicatorManager.m */; };
		668E7EE21759C5EF000C2CBA /* AFPropertyListRequestOperation.m in Sources */ = {isa = PBXBuildFile; fileRef = 668E7ED61759C5EF000C2CBA /* AFPropertyListRequestOperation.m */; };
		668E7EE31759C5EF000C2CBA /* AFURLConnectionOperation.m in Sources */ = {isa = PBXBuildFile; fileRef = 668E7ED81759C5EF000C2CBA /* AFURLConnectionOperation.m */; };
		668E7EE41759C5EF000C2CBA /* AFXMLRequestOperation.m in Sources */ = {isa = PBXBuildFile; fileRef = 668E7EDA1759C5EF000C2CBA /* AFXMLRequestOperation.m */; };
		668E7EE51759C5EF000C2CBA /* UIImageView+AFNetworking.m in Sources */ = {isa = PBXBuildFile; fileRef = 668E7EDC1759C5EF000C2CBA /* UIImageView+AFNetworking.m */; };
		668E7EEA1759C606000C2CBA /* ArticleLoader.m in Sources */ = {isa = PBXBuildFile; fileRef = 668E7EE91759C600000C2CBA /* ArticleLoader.m */; };
		668E7EEB1759C609000C2CBA /* Article.m in Sources */ = {isa = PBXBuildFile; fileRef = 668E7EE71759C600000C2CBA /* Article.m */; };
		668E7EEE1759C663000C2CBA /* MobileCoreServices.framework in Frameworks */ = {isa = PBXBuildFile; fileRef = 668E7EEC1759C663000C2CBA /* MobileCoreServices.framework */; };
		668E7EEF1759C663000C2CBA /* SystemConfiguration.framework in Frameworks */ = {isa = PBXBuildFile; fileRef = 668E7EED1759C663000C2CBA /* SystemConfiguration.framework */; };
		668E7EF71759E7AA000C2CBA /* SBAdImageManager.m in Sources */ = {isa = PBXBuildFile; fileRef = 668E7EF21759E7AA000C2CBA /* SBAdImageManager.m */; };
		668E7EF81759E7AA000C2CBA /* SBAdImageOperation.m in Sources */ = {isa = PBXBuildFile; fileRef = 668E7EF41759E7AA000C2CBA /* SBAdImageOperation.m */; };
		668E7EF91759E7AA000C2CBA /* SBPendingOperations.m in Sources */ = {isa = PBXBuildFile; fileRef = 668E7EF61759E7AA000C2CBA /* SBPendingOperations.m */; };
		668E7F011759E91B000C2CBA /* TFHpple.m in Sources */ = {isa = PBXBuildFile; fileRef = 668E7EFC1759E91B000C2CBA /* TFHpple.m */; };
		668E7F021759E91B000C2CBA /* TFHppleElement.m in Sources */ = {isa = PBXBuildFile; fileRef = 668E7EFE1759E91B000C2CBA /* TFHppleElement.m */; };
		668E7F031759E91B000C2CBA /* XPathQuery.m in Sources */ = {isa = PBXBuildFile; fileRef = 668E7F001759E91B000C2CBA /* XPathQuery.m */; };
		668E7F051759E943000C2CBA /* libxml2.dylib in Frameworks */ = {isa = PBXBuildFile; fileRef = 668E7F041759E943000C2CBA /* libxml2.dylib */; };
		668E7F0C175A4483000C2CBA /* ArticleCell.m in Sources */ = {isa = PBXBuildFile; fileRef = 668E7F0B175A4483000C2CBA /* ArticleCell.m */; };
		F4307B49175A343800D1009C /* SBAdPartialImageOperation.m in Sources */ = {isa = PBXBuildFile; fileRef = F4307B48175A343800D1009C /* SBAdPartialImageOperation.m */; };
/* End PBXBuildFile section */

/* Begin PBXFileReference section */
		668E7EA01759A3C6000C2CBA /* AdVintage.app */ = {isa = PBXFileReference; explicitFileType = wrapper.application; includeInIndex = 0; path = AdVintage.app; sourceTree = BUILT_PRODUCTS_DIR; };
		668E7EA31759A3C6000C2CBA /* UIKit.framework */ = {isa = PBXFileReference; lastKnownFileType = wrapper.framework; name = UIKit.framework; path = System/Library/Frameworks/UIKit.framework; sourceTree = SDKROOT; };
		668E7EA51759A3C6000C2CBA /* Foundation.framework */ = {isa = PBXFileReference; lastKnownFileType = wrapper.framework; name = Foundation.framework; path = System/Library/Frameworks/Foundation.framework; sourceTree = SDKROOT; };
		668E7EA71759A3C6000C2CBA /* CoreGraphics.framework */ = {isa = PBXFileReference; lastKnownFileType = wrapper.framework; name = CoreGraphics.framework; path = System/Library/Frameworks/CoreGraphics.framework; sourceTree = SDKROOT; };
		668E7EAB1759A3C6000C2CBA /* AdVintage-Info.plist */ = {isa = PBXFileReference; lastKnownFileType = text.plist.xml; path = "AdVintage-Info.plist"; sourceTree = "<group>"; };
		668E7EAD1759A3C6000C2CBA /* en */ = {isa = PBXFileReference; lastKnownFileType = text.plist.strings; name = en; path = en.lproj/InfoPlist.strings; sourceTree = "<group>"; };
		668E7EAF1759A3C6000C2CBA /* main.m */ = {isa = PBXFileReference; lastKnownFileType = sourcecode.c.objc; path = main.m; sourceTree = "<group>"; };
		668E7EB11759A3C6000C2CBA /* AdVintage-Prefix.pch */ = {isa = PBXFileReference; lastKnownFileType = sourcecode.c.h; path = "AdVintage-Prefix.pch"; sourceTree = "<group>"; };
		668E7EB21759A3C6000C2CBA /* AppDelegate.h */ = {isa = PBXFileReference; lastKnownFileType = sourcecode.c.h; path = AppDelegate.h; sourceTree = "<group>"; };
		668E7EB31759A3C6000C2CBA /* AppDelegate.m */ = {isa = PBXFileReference; lastKnownFileType = sourcecode.c.objc; path = AppDelegate.m; sourceTree = "<group>"; };
		668E7EB51759A3C6000C2CBA /* Default.png */ = {isa = PBXFileReference; lastKnownFileType = image.png; path = Default.png; sourceTree = "<group>"; };
		668E7EB71759A3C6000C2CBA /* Default@2x.png */ = {isa = PBXFileReference; lastKnownFileType = image.png; path = "Default@2x.png"; sourceTree = "<group>"; };
		668E7EB91759A3C6000C2CBA /* Default-568h@2x.png */ = {isa = PBXFileReference; lastKnownFileType = image.png; path = "Default-568h@2x.png"; sourceTree = "<group>"; };
		668E7EBB1759A3C6000C2CBA /* AdViewController.h */ = {isa = PBXFileReference; lastKnownFileType = sourcecode.c.h; path = AdViewController.h; sourceTree = "<group>"; };
		668E7EBC1759A3C6000C2CBA /* AdViewController.m */ = {isa = PBXFileReference; lastKnownFileType = sourcecode.c.objc; path = AdViewController.m; sourceTree = "<group>"; };
		668E7EBF1759A3C6000C2CBA /* en */ = {isa = PBXFileReference; lastKnownFileType = file.xib; name = en; path = en.lproj/AdViewController.xib; sourceTree = "<group>"; };
		668E7EC61759C2DD000C2CBA /* UICollectionViewWaterfallLayout.h */ = {isa = PBXFileReference; lastKnownFileType = sourcecode.c.h; path = UICollectionViewWaterfallLayout.h; sourceTree = "<group>"; };
		668E7EC71759C2DD000C2CBA /* UICollectionViewWaterfallLayout.m */ = {isa = PBXFileReference; lastKnownFileType = sourcecode.c.objc; path = UICollectionViewWaterfallLayout.m; sourceTree = "<group>"; };
		668E7ECA1759C5EF000C2CBA /* AFHTTPClient.h */ = {isa = PBXFileReference; fileEncoding = 4; lastKnownFileType = sourcecode.c.h; path = AFHTTPClient.h; sourceTree = "<group>"; };
		668E7ECB1759C5EF000C2CBA /* AFHTTPClient.m */ = {isa = PBXFileReference; fileEncoding = 4; lastKnownFileType = sourcecode.c.objc; path = AFHTTPClient.m; sourceTree = "<group>"; };
		668E7ECC1759C5EF000C2CBA /* AFHTTPRequestOperation.h */ = {isa = PBXFileReference; fileEncoding = 4; lastKnownFileType = sourcecode.c.h; path = AFHTTPRequestOperation.h; sourceTree = "<group>"; };
		668E7ECD1759C5EF000C2CBA /* AFHTTPRequestOperation.m */ = {isa = PBXFileReference; fileEncoding = 4; lastKnownFileType = sourcecode.c.objc; path = AFHTTPRequestOperation.m; sourceTree = "<group>"; };
		668E7ECE1759C5EF000C2CBA /* AFImageRequestOperation.h */ = {isa = PBXFileReference; fileEncoding = 4; lastKnownFileType = sourcecode.c.h; path = AFImageRequestOperation.h; sourceTree = "<group>"; };
		668E7ECF1759C5EF000C2CBA /* AFImageRequestOperation.m */ = {isa = PBXFileReference; fileEncoding = 4; lastKnownFileType = sourcecode.c.objc; path = AFImageRequestOperation.m; sourceTree = "<group>"; };
		668E7ED01759C5EF000C2CBA /* AFJSONRequestOperation.h */ = {isa = PBXFileReference; fileEncoding = 4; lastKnownFileType = sourcecode.c.h; path = AFJSONRequestOperation.h; sourceTree = "<group>"; };
		668E7ED11759C5EF000C2CBA /* AFJSONRequestOperation.m */ = {isa = PBXFileReference; fileEncoding = 4; lastKnownFileType = sourcecode.c.objc; path = AFJSONRequestOperation.m; sourceTree = "<group>"; };
		668E7ED21759C5EF000C2CBA /* AFNetworkActivityIndicatorManager.h */ = {isa = PBXFileReference; fileEncoding = 4; lastKnownFileType = sourcecode.c.h; path = AFNetworkActivityIndicatorManager.h; sourceTree = "<group>"; };
		668E7ED31759C5EF000C2CBA /* AFNetworkActivityIndicatorManager.m */ = {isa = PBXFileReference; fileEncoding = 4; lastKnownFileType = sourcecode.c.objc; path = AFNetworkActivityIndicatorManager.m; sourceTree = "<group>"; };
		668E7ED41759C5EF000C2CBA /* AFNetworking.h */ = {isa = PBXFileReference; fileEncoding = 4; lastKnownFileType = sourcecode.c.h; path = AFNetworking.h; sourceTree = "<group>"; };
		668E7ED51759C5EF000C2CBA /* AFPropertyListRequestOperation.h */ = {isa = PBXFileReference; fileEncoding = 4; lastKnownFileType = sourcecode.c.h; path = AFPropertyListRequestOperation.h; sourceTree = "<group>"; };
		668E7ED61759C5EF000C2CBA /* AFPropertyListRequestOperation.m */ = {isa = PBXFileReference; fileEncoding = 4; lastKnownFileType = sourcecode.c.objc; path = AFPropertyListRequestOperation.m; sourceTree = "<group>"; };
		668E7ED71759C5EF000C2CBA /* AFURLConnectionOperation.h */ = {isa = PBXFileReference; fileEncoding = 4; lastKnownFileType = sourcecode.c.h; path = AFURLConnectionOperation.h; sourceTree = "<group>"; };
		668E7ED81759C5EF000C2CBA /* AFURLConnectionOperation.m */ = {isa = PBXFileReference; fileEncoding = 4; lastKnownFileType = sourcecode.c.objc; path = AFURLConnectionOperation.m; sourceTree = "<group>"; };
		668E7ED91759C5EF000C2CBA /* AFXMLRequestOperation.h */ = {isa = PBXFileReference; fileEncoding = 4; lastKnownFileType = sourcecode.c.h; path = AFXMLRequestOperation.h; sourceTree = "<group>"; };
		668E7EDA1759C5EF000C2CBA /* AFXMLRequestOperation.m */ = {isa = PBXFileReference; fileEncoding = 4; lastKnownFileType = sourcecode.c.objc; path = AFXMLRequestOperation.m; sourceTree = "<group>"; };
		668E7EDB1759C5EF000C2CBA /* UIImageView+AFNetworking.h */ = {isa = PBXFileReference; fileEncoding = 4; lastKnownFileType = sourcecode.c.h; path = "UIImageView+AFNetworking.h"; sourceTree = "<group>"; };
		668E7EDC1759C5EF000C2CBA /* UIImageView+AFNetworking.m */ = {isa = PBXFileReference; fileEncoding = 4; lastKnownFileType = sourcecode.c.objc; path = "UIImageView+AFNetworking.m"; sourceTree = "<group>"; };
		668E7EE61759C600000C2CBA /* Article.h */ = {isa = PBXFileReference; lastKnownFileType = sourcecode.c.h; path = Article.h; sourceTree = "<group>"; };
		668E7EE71759C600000C2CBA /* Article.m */ = {isa = PBXFileReference; lastKnownFileType = sourcecode.c.objc; path = Article.m; sourceTree = "<group>"; };
		668E7EE81759C600000C2CBA /* ArticleLoader.h */ = {isa = PBXFileReference; lastKnownFileType = sourcecode.c.h; path = ArticleLoader.h; sourceTree = "<group>"; };
		668E7EE91759C600000C2CBA /* ArticleLoader.m */ = {isa = PBXFileReference; lastKnownFileType = sourcecode.c.objc; path = ArticleLoader.m; sourceTree = "<group>"; };
		668E7EEC1759C663000C2CBA /* MobileCoreServices.framework */ = {isa = PBXFileReference; lastKnownFileType = wrapper.framework; name = MobileCoreServices.framework; path = System/Library/Frameworks/MobileCoreServices.framework; sourceTree = SDKROOT; };
		668E7EED1759C663000C2CBA /* SystemConfiguration.framework */ = {isa = PBXFileReference; lastKnownFileType = wrapper.framework; name = SystemConfiguration.framework; path = System/Library/Frameworks/SystemConfiguration.framework; sourceTree = SDKROOT; };
		668E7EF11759E7AA000C2CBA /* SBAdImageManager.h */ = {isa = PBXFileReference; fileEncoding = 4; lastKnownFileType = sourcecode.c.h; path = SBAdImageManager.h; sourceTree = "<group>"; };
		668E7EF21759E7AA000C2CBA /* SBAdImageManager.m */ = {isa = PBXFileReference; fileEncoding = 4; lastKnownFileType = sourcecode.c.objc; path = SBAdImageManager.m; sourceTree = "<group>"; };
		668E7EF31759E7AA000C2CBA /* SBAdImageOperation.h */ = {isa = PBXFileReference; fileEncoding = 4; lastKnownFileType = sourcecode.c.h; path = SBAdImageOperation.h; sourceTree = "<group>"; };
		668E7EF41759E7AA000C2CBA /* SBAdImageOperation.m */ = {isa = PBXFileReference; fileEncoding = 4; lastKnownFileType = sourcecode.c.objc; path = SBAdImageOperation.m; sourceTree = "<group>"; };
		668E7EF51759E7AA000C2CBA /* SBPendingOperations.h */ = {isa = PBXFileReference; fileEncoding = 4; lastKnownFileType = sourcecode.c.h; path = SBPendingOperations.h; sourceTree = "<group>"; };
		668E7EF61759E7AA000C2CBA /* SBPendingOperations.m */ = {isa = PBXFileReference; fileEncoding = 4; lastKnownFileType = sourcecode.c.objc; path = SBPendingOperations.m; sourceTree = "<group>"; };
		668E7EFB1759E91B000C2CBA /* TFHpple.h */ = {isa = PBXFileReference; fileEncoding = 4; lastKnownFileType = sourcecode.c.h; path = TFHpple.h; sourceTree = "<group>"; };
		668E7EFC1759E91B000C2CBA /* TFHpple.m */ = {isa = PBXFileReference; fileEncoding = 4; lastKnownFileType = sourcecode.c.objc; path = TFHpple.m; sourceTree = "<group>"; };
		668E7EFD1759E91B000C2CBA /* TFHppleElement.h */ = {isa = PBXFileReference; fileEncoding = 4; lastKnownFileType = sourcecode.c.h; path = TFHppleElement.h; sourceTree = "<group>"; };
		668E7EFE1759E91B000C2CBA /* TFHppleElement.m */ = {isa = PBXFileReference; fileEncoding = 4; lastKnownFileType = sourcecode.c.objc; path = TFHppleElement.m; sourceTree = "<group>"; };
		668E7EFF1759E91B000C2CBA /* XPathQuery.h */ = {isa = PBXFileReference; fileEncoding = 4; lastKnownFileType = sourcecode.c.h; path = XPathQuery.h; sourceTree = "<group>"; };
		668E7F001759E91B000C2CBA /* XPathQuery.m */ = {isa = PBXFileReference; fileEncoding = 4; lastKnownFileType = sourcecode.c.objc; path = XPathQuery.m; sourceTree = "<group>"; };
		668E7F041759E943000C2CBA /* libxml2.dylib */ = {isa = PBXFileReference; lastKnownFileType = "compiled.mach-o.dylib"; name = libxml2.dylib; path = usr/lib/libxml2.dylib; sourceTree = SDKROOT; };
		668E7F0A175A4483000C2CBA /* ArticleCell.h */ = {isa = PBXFileReference; fileEncoding = 4; lastKnownFileType = sourcecode.c.h; path = ArticleCell.h; sourceTree = "<group>"; };
		668E7F0B175A4483000C2CBA /* ArticleCell.m */ = {isa = PBXFileReference; fileEncoding = 4; lastKnownFileType = sourcecode.c.objc; path = ArticleCell.m; sourceTree = "<group>"; };
		F4307B47175A343800D1009C /* SBAdPartialImageOperation.h */ = {isa = PBXFileReference; fileEncoding = 4; lastKnownFileType = sourcecode.c.h; path = SBAdPartialImageOperation.h; sourceTree = "<group>"; };
		F4307B48175A343800D1009C /* SBAdPartialImageOperation.m */ = {isa = PBXFileReference; fileEncoding = 4; lastKnownFileType = sourcecode.c.objc; path = SBAdPartialImageOperation.m; sourceTree = "<group>"; };
/* End PBXFileReference section */

/* Begin PBXFrameworksBuildPhase section */
		668E7E9D1759A3C6000C2CBA /* Frameworks */ = {
			isa = PBXFrameworksBuildPhase;
			buildActionMask = 2147483647;
			files = (
				668E7F051759E943000C2CBA /* libxml2.dylib in Frameworks */,
				668E7EEE1759C663000C2CBA /* MobileCoreServices.framework in Frameworks */,
				668E7EEF1759C663000C2CBA /* SystemConfiguration.framework in Frameworks */,
				668E7EA41759A3C6000C2CBA /* UIKit.framework in Frameworks */,
				668E7EA61759A3C6000C2CBA /* Foundation.framework in Frameworks */,
				668E7EA81759A3C6000C2CBA /* CoreGraphics.framework in Frameworks */,
			);
			runOnlyForDeploymentPostprocessing = 0;
		};
/* End PBXFrameworksBuildPhase section */

/* Begin PBXGroup section */
		668E7E971759A3C6000C2CBA = {
			isa = PBXGroup;
			children = (
				668E7EC91759C5EF000C2CBA /* AFNetworking */,
				668E7EA91759A3C6000C2CBA /* AdVintage */,
				668E7EA21759A3C6000C2CBA /* Frameworks */,
				668E7EA11759A3C6000C2CBA /* Products */,
			);
			sourceTree = "<group>";
		};
		668E7EA11759A3C6000C2CBA /* Products */ = {
			isa = PBXGroup;
			children = (
				668E7EA01759A3C6000C2CBA /* AdVintage.app */,
			);
			name = Products;
			sourceTree = "<group>";
		};
		668E7EA21759A3C6000C2CBA /* Frameworks */ = {
			isa = PBXGroup;
			children = (
				668E7F041759E943000C2CBA /* libxml2.dylib */,
				668E7EEC1759C663000C2CBA /* MobileCoreServices.framework */,
				668E7EED1759C663000C2CBA /* SystemConfiguration.framework */,
				668E7EA31759A3C6000C2CBA /* UIKit.framework */,
				668E7EA51759A3C6000C2CBA /* Foundation.framework */,
				668E7EA71759A3C6000C2CBA /* CoreGraphics.framework */,
			);
			name = Frameworks;
			sourceTree = "<group>";
		};
		668E7EA91759A3C6000C2CBA /* AdVintage */ = {
			isa = PBXGroup;
			children = (
				668E7EFA1759E91B000C2CBA /* hpple */,
				668E7EF01759E7AA000C2CBA /* SBAdImageManager */,
				668E7F06175A1D2D000C2CBA /* Articles */,
				668E7EB21759A3C6000C2CBA /* AppDelegate.h */,
				668E7EB31759A3C6000C2CBA /* AppDelegate.m */,
				668E7F0A175A4483000C2CBA /* ArticleCell.h */,
				668E7F0B175A4483000C2CBA /* ArticleCell.m */,
				668E7EBB1759A3C6000C2CBA /* AdViewController.h */,
				668E7EBC1759A3C6000C2CBA /* AdViewController.m */,
				668E7EBE1759A3C6000C2CBA /* AdViewController.xib */,
				668E7EC61759C2DD000C2CBA /* UICollectionViewWaterfallLayout.h */,
				668E7EC71759C2DD000C2CBA /* UICollectionViewWaterfallLayout.m */,
				668E7EAA1759A3C6000C2CBA /* Supporting Files */,
			);
			path = AdVintage;
			sourceTree = "<group>";
		};
		668E7EAA1759A3C6000C2CBA /* Supporting Files */ = {
			isa = PBXGroup;
			children = (
				668E7EAB1759A3C6000C2CBA /* AdVintage-Info.plist */,
				668E7EAC1759A3C6000C2CBA /* InfoPlist.strings */,
				668E7EAF1759A3C6000C2CBA /* main.m */,
				668E7EB11759A3C6000C2CBA /* AdVintage-Prefix.pch */,
				668E7EB51759A3C6000C2CBA /* Default.png */,
				668E7EB71759A3C6000C2CBA /* Default@2x.png */,
				668E7EB91759A3C6000C2CBA /* Default-568h@2x.png */,
			);
			name = "Supporting Files";
			sourceTree = "<group>";
		};
		668E7EC91759C5EF000C2CBA /* AFNetworking */ = {
			isa = PBXGroup;
			children = (
				668E7ECA1759C5EF000C2CBA /* AFHTTPClient.h */,
				668E7ECB1759C5EF000C2CBA /* AFHTTPClient.m */,
				668E7ECC1759C5EF000C2CBA /* AFHTTPRequestOperation.h */,
				668E7ECD1759C5EF000C2CBA /* AFHTTPRequestOperation.m */,
				668E7ECE1759C5EF000C2CBA /* AFImageRequestOperation.h */,
				668E7ECF1759C5EF000C2CBA /* AFImageRequestOperation.m */,
				668E7ED01759C5EF000C2CBA /* AFJSONRequestOperation.h */,
				668E7ED11759C5EF000C2CBA /* AFJSONRequestOperation.m */,
				668E7ED21759C5EF000C2CBA /* AFNetworkActivityIndicatorManager.h */,
				668E7ED31759C5EF000C2CBA /* AFNetworkActivityIndicatorManager.m */,
				668E7ED41759C5EF000C2CBA /* AFNetworking.h */,
				668E7ED51759C5EF000C2CBA /* AFPropertyListRequestOperation.h */,
				668E7ED61759C5EF000C2CBA /* AFPropertyListRequestOperation.m */,
				668E7ED71759C5EF000C2CBA /* AFURLConnectionOperation.h */,
				668E7ED81759C5EF000C2CBA /* AFURLConnectionOperation.m */,
				668E7ED91759C5EF000C2CBA /* AFXMLRequestOperation.h */,
				668E7EDA1759C5EF000C2CBA /* AFXMLRequestOperation.m */,
				668E7EDB1759C5EF000C2CBA /* UIImageView+AFNetworking.h */,
				668E7EDC1759C5EF000C2CBA /* UIImageView+AFNetworking.m */,
			);
			path = AFNetworking;
			sourceTree = "<group>";
		};
		668E7EF01759E7AA000C2CBA /* SBAdImageManager */ = {
			isa = PBXGroup;
			children = (
				668E7EF11759E7AA000C2CBA /* SBAdImageManager.h */,
				668E7EF21759E7AA000C2CBA /* SBAdImageManager.m */,
				668E7EF31759E7AA000C2CBA /* SBAdImageOperation.h */,
				668E7EF41759E7AA000C2CBA /* SBAdImageOperation.m */,
				F4307B47175A343800D1009C /* SBAdPartialImageOperation.h */,
				F4307B48175A343800D1009C /* SBAdPartialImageOperation.m */,
				668E7EF51759E7AA000C2CBA /* SBPendingOperations.h */,
				668E7EF61759E7AA000C2CBA /* SBPendingOperations.m */,
			);
			path = SBAdImageManager;
			sourceTree = "<group>";
		};
		668E7EFA1759E91B000C2CBA /* hpple */ = {
			isa = PBXGroup;
			children = (
				668E7EFB1759E91B000C2CBA /* TFHpple.h */,
				668E7EFC1759E91B000C2CBA /* TFHpple.m */,
				668E7EFD1759E91B000C2CBA /* TFHppleElement.h */,
				668E7EFE1759E91B000C2CBA /* TFHppleElement.m */,
				668E7EFF1759E91B000C2CBA /* XPathQuery.h */,
				668E7F001759E91B000C2CBA /* XPathQuery.m */,
			);
			path = hpple;
			sourceTree = "<group>";
		};
		668E7F06175A1D2D000C2CBA /* Articles */ = {
			isa = PBXGroup;
			children = (
				668E7EE61759C600000C2CBA /* Article.h */,
				668E7EE71759C600000C2CBA /* Article.m */,
				668E7EE81759C600000C2CBA /* ArticleLoader.h */,
				668E7EE91759C600000C2CBA /* ArticleLoader.m */,
			);
			name = Articles;
			sourceTree = "<group>";
		};
/* End PBXGroup section */

/* Begin PBXNativeTarget section */
		668E7E9F1759A3C6000C2CBA /* AdVintage */ = {
			isa = PBXNativeTarget;
			buildConfigurationList = 668E7EC31759A3C6000C2CBA /* Build configuration list for PBXNativeTarget "AdVintage" */;
			buildPhases = (
				668E7E9C1759A3C6000C2CBA /* Sources */,
				668E7E9D1759A3C6000C2CBA /* Frameworks */,
				668E7E9E1759A3C6000C2CBA /* Resources */,
			);
			buildRules = (
			);
			dependencies = (
			);
			name = AdVintage;
			productName = AdVintage;
			productReference = 668E7EA01759A3C6000C2CBA /* AdVintage.app */;
			productType = "com.apple.product-type.application";
		};
/* End PBXNativeTarget section */

/* Begin PBXProject section */
		668E7E981759A3C6000C2CBA /* Project object */ = {
			isa = PBXProject;
			attributes = {
				LastUpgradeCheck = 0460;
				ORGANIZATIONNAME = AdVintage;
			};
			buildConfigurationList = 668E7E9B1759A3C6000C2CBA /* Build configuration list for PBXProject "AdVintage" */;
			compatibilityVersion = "Xcode 3.2";
			developmentRegion = English;
			hasScannedForEncodings = 0;
			knownRegions = (
				en,
			);
			mainGroup = 668E7E971759A3C6000C2CBA;
			productRefGroup = 668E7EA11759A3C6000C2CBA /* Products */;
			projectDirPath = "";
			projectRoot = "";
			targets = (
				668E7E9F1759A3C6000C2CBA /* AdVintage */,
			);
		};
/* End PBXProject section */

/* Begin PBXResourcesBuildPhase section */
		668E7E9E1759A3C6000C2CBA /* Resources */ = {
			isa = PBXResourcesBuildPhase;
			buildActionMask = 2147483647;
			files = (
				668E7EAE1759A3C6000C2CBA /* InfoPlist.strings in Resources */,
				668E7EB61759A3C6000C2CBA /* Default.png in Resources */,
				668E7EB81759A3C6000C2CBA /* Default@2x.png in Resources */,
				668E7EBA1759A3C6000C2CBA /* Default-568h@2x.png in Resources */,
				668E7EC01759A3C6000C2CBA /* AdViewController.xib in Resources */,
			);
			runOnlyForDeploymentPostprocessing = 0;
		};
/* End PBXResourcesBuildPhase section */

/* Begin PBXSourcesBuildPhase section */
		668E7E9C1759A3C6000C2CBA /* Sources */ = {
			isa = PBXSourcesBuildPhase;
			buildActionMask = 2147483647;
			files = (
				668E7EC81759C488000C2CBA /* UICollectionViewWaterfallLayout.m in Sources */,
				668E7EB01759A3C6000C2CBA /* main.m in Sources */,
				668E7EB41759A3C6000C2CBA /* AppDelegate.m in Sources */,
				668E7EBD1759A3C6000C2CBA /* AdViewController.m in Sources */,
				668E7EDD1759C5EF000C2CBA /* AFHTTPClient.m in Sources */,
				668E7EDE1759C5EF000C2CBA /* AFHTTPRequestOperation.m in Sources */,
				668E7EDF1759C5EF000C2CBA /* AFImageRequestOperation.m in Sources */,
				668E7EE01759C5EF000C2CBA /* AFJSONRequestOperation.m in Sources */,
				668E7EE11759C5EF000C2CBA /* AFNetworkActivityIndicatorManager.m in Sources */,
				668E7EE21759C5EF000C2CBA /* AFPropertyListRequestOperation.m in Sources */,
				668E7EE31759C5EF000C2CBA /* AFURLConnectionOperation.m in Sources */,
				668E7EE41759C5EF000C2CBA /* AFXMLRequestOperation.m in Sources */,
				668E7EE51759C5EF000C2CBA /* UIImageView+AFNetworking.m in Sources */,
				668E7EEA1759C606000C2CBA /* ArticleLoader.m in Sources */,
				668E7EEB1759C609000C2CBA /* Article.m in Sources */,
				668E7EF71759E7AA000C2CBA /* SBAdImageManager.m in Sources */,
				668E7EF81759E7AA000C2CBA /* SBAdImageOperation.m in Sources */,
				668E7EF91759E7AA000C2CBA /* SBPendingOperations.m in Sources */,
				668E7F011759E91B000C2CBA /* TFHpple.m in Sources */,
				668E7F021759E91B000C2CBA /* TFHppleElement.m in Sources */,
				668E7F031759E91B000C2CBA /* XPathQuery.m in Sources */,
				F4307B49175A343800D1009C /* SBAdPartialImageOperation.m in Sources */,
				668E7F0C175A4483000C2CBA /* ArticleCell.m in Sources */,
			);
			runOnlyForDeploymentPostprocessing = 0;
		};
/* End PBXSourcesBuildPhase section */

/* Begin PBXVariantGroup section */
		668E7EAC1759A3C6000C2CBA /* InfoPlist.strings */ = {
			isa = PBXVariantGroup;
			children = (
				668E7EAD1759A3C6000C2CBA /* en */,
			);
			name = InfoPlist.strings;
			sourceTree = "<group>";
		};
		668E7EBE1759A3C6000C2CBA /* AdViewController.xib */ = {
			isa = PBXVariantGroup;
			children = (
				668E7EBF1759A3C6000C2CBA /* en */,
			);
			name = AdViewController.xib;
			sourceTree = "<group>";
		};
/* End PBXVariantGroup section */

/* Begin XCBuildConfiguration section */
		668E7EC11759A3C6000C2CBA /* Debug */ = {
			isa = XCBuildConfiguration;
			buildSettings = {
				ALWAYS_SEARCH_USER_PATHS = NO;
				CLANG_CXX_LANGUAGE_STANDARD = "gnu++0x";
				CLANG_CXX_LIBRARY = "libc++";
				CLANG_ENABLE_OBJC_ARC = YES;
				CLANG_WARN_CONSTANT_CONVERSION = YES;
				CLANG_WARN_EMPTY_BODY = YES;
				CLANG_WARN_ENUM_CONVERSION = YES;
				CLANG_WARN_INT_CONVERSION = YES;
				CLANG_WARN__DUPLICATE_METHOD_MATCH = YES;
				"CODE_SIGN_IDENTITY[sdk=iphoneos*]" = "iPhone Developer";
				COPY_PHASE_STRIP = NO;
				GCC_C_LANGUAGE_STANDARD = gnu99;
				GCC_DYNAMIC_NO_PIC = NO;
				GCC_OPTIMIZATION_LEVEL = 0;
				GCC_PREPROCESSOR_DEFINITIONS = (
					"DEBUG=1",
					"$(inherited)",
				);
				GCC_SYMBOLS_PRIVATE_EXTERN = NO;
				GCC_WARN_ABOUT_RETURN_TYPE = YES;
				GCC_WARN_UNINITIALIZED_AUTOS = YES;
				GCC_WARN_UNUSED_VARIABLE = YES;
				HEADER_SEARCH_PATHS = "$(SDKROOT)/usr/include/libxml2";
				IPHONEOS_DEPLOYMENT_TARGET = 6.1;
				ONLY_ACTIVE_ARCH = YES;
				SDKROOT = iphoneos;
				TARGETED_DEVICE_FAMILY = 2;
			};
			name = Debug;
		};
		668E7EC21759A3C6000C2CBA /* Release */ = {
			isa = XCBuildConfiguration;
			buildSettings = {
				ALWAYS_SEARCH_USER_PATHS = NO;
				CLANG_CXX_LANGUAGE_STANDARD = "gnu++0x";
				CLANG_CXX_LIBRARY = "libc++";
				CLANG_ENABLE_OBJC_ARC = YES;
				CLANG_WARN_CONSTANT_CONVERSION = YES;
				CLANG_WARN_EMPTY_BODY = YES;
				CLANG_WARN_ENUM_CONVERSION = YES;
				CLANG_WARN_INT_CONVERSION = YES;
				CLANG_WARN__DUPLICATE_METHOD_MATCH = YES;
				"CODE_SIGN_IDENTITY[sdk=iphoneos*]" = "iPhone Developer";
				COPY_PHASE_STRIP = YES;
				GCC_C_LANGUAGE_STANDARD = gnu99;
				GCC_WARN_ABOUT_RETURN_TYPE = YES;
				GCC_WARN_UNINITIALIZED_AUTOS = YES;
				GCC_WARN_UNUSED_VARIABLE = YES;
				HEADER_SEARCH_PATHS = "$(SDKROOT)/usr/include/libxml2";
				IPHONEOS_DEPLOYMENT_TARGET = 6.1;
				OTHER_CFLAGS = "-DNS_BLOCK_ASSERTIONS=1";
				SDKROOT = iphoneos;
				TARGETED_DEVICE_FAMILY = 2;
				VALIDATE_PRODUCT = YES;
			};
			name = Release;
		};
		668E7EC41759A3C6000C2CBA /* Debug */ = {
			isa = XCBuildConfiguration;
			buildSettings = {
				GCC_PRECOMPILE_PREFIX_HEADER = YES;
				GCC_PREFIX_HEADER = "AdVintage/AdVintage-Prefix.pch";
				INFOPLIST_FILE = "AdVintage/AdVintage-Info.plist";
				PRODUCT_NAME = "$(TARGET_NAME)";
				WRAPPER_EXTENSION = app;
			};
			name = Debug;
		};
		668E7EC51759A3C6000C2CBA /* Release */ = {
			isa = XCBuildConfiguration;
			buildSettings = {
				GCC_PRECOMPILE_PREFIX_HEADER = YES;
				GCC_PREFIX_HEADER = "AdVintage/AdVintage-Prefix.pch";
				INFOPLIST_FILE = "AdVintage/AdVintage-Info.plist";
				PRODUCT_NAME = "$(TARGET_NAME)";
				WRAPPER_EXTENSION = app;
			};
			name = Release;
		};
/* End XCBuildConfiguration section */

/* Begin XCConfigurationList section */
		668E7E9B1759A3C6000C2CBA /* Build configuration list for PBXProject "AdVintage" */ = {
			isa = XCConfigurationList;
			buildConfigurations = (
				668E7EC11759A3C6000C2CBA /* Debug */,
				668E7EC21759A3C6000C2CBA /* Release */,
			);
			defaultConfigurationIsVisible = 0;
			defaultConfigurationName = Release;
		};
		668E7EC31759A3C6000C2CBA /* Build configuration list for PBXNativeTarget "AdVintage" */ = {
			isa = XCConfigurationList;
			buildConfigurations = (
				668E7EC41759A3C6000C2CBA /* Debug */,
				668E7EC51759A3C6000C2CBA /* Release */,
			);
			defaultConfigurationIsVisible = 0;
			defaultConfigurationName = Release;
		};
/* End XCConfigurationList section */
	};
	rootObject = 668E7E981759A3C6000C2CBA /* Project object */;
}
